
Microsoft Visual Studio Solution File, Format Version 12.00
# Visual Studio Version 17
VisualStudioVersion = 17.8.34322.80
MinimumVisualStudioVersion = 10.0.40219.1
Project("{FAE04EC0-301F-11D3-BF4B-00C04F79EFBC}") = "WinFormsApp1", "WinFormsApp1\WinFormsApp1.csproj", "{9819ACBE-A196-442D-B828-AA2372398691}"
EndProject
Global
	GlobalSection(SolutionConfigurationPlatforms) = preSolution
		Debug|Any CPU = Debug|Any CPU
		Release|Any CPU = Release|Any CPU
	EndGlobalSection
	GlobalSection(ProjectConfigurationPlatforms) = postSolution
		{9819ACBE-A196-442D-B828-AA2372398691}.Debug|Any CPU.ActiveCfg = Debug|Any CPU
		{9819ACBE-A196-442D-B828-AA2372398691}.Debug|Any CPU.Build.0 = Debug|Any CPU
		{9819ACBE-A196-442D-B828-AA2372398691}.Release|Any CPU.ActiveCfg = Release|Any CPU
		{9819ACBE-A196-442D-B828-AA2372398691}.Release|Any CPU.Build.0 = Release|Any CPU
	EndGlobalSection
	GlobalSection(SolutionProperties) = preSolution
		HideSolutionNode = FALSE
	EndGlobalSection
	GlobalSection(ExtensibilityGlobals) = postSolution
		SolutionGuid = {7D81C46B-3544-4ECE-BF50-C3F2091816C3}
	EndGlobalSection
EndGlobal
